// !$*UTF8*$!
{
	archiveVersion = 1;
	classes = {
	};
	objectVersion = 56;
	objects = {

/* Begin PBXBuildFile section */
		8A3D82842D31E7AB0025F4D3 /* GeminiAPIResponse.swift in Sources */ = {isa = PBXBuildFile; fileRef = 8A3D82832D31E7AB0025F4D3 /* GeminiAPIResponse.swift */; };
		8A3D82862D31F4C40025F4D3 /* NetworkManager.swift in Sources */ = {isa = PBXBuildFile; fileRef = 8A3D82852D31F4C40025F4D3 /* NetworkManager.swift */; };
		8A3D82882D31F5680025F4D3 /* RequestBuilder.swift in Sources */ = {isa = PBXBuildFile; fileRef = 8A3D82872D31F5680025F4D3 /* RequestBuilder.swift */; };
		8A3D828A2D31F9BA0025F4D3 /* GeminiService.swift in Sources */ = {isa = PBXBuildFile; fileRef = 8A3D82892D31F9BA0025F4D3 /* GeminiService.swift */; };
		8A3D828C2D32052B0025F4D3 /* ErrorMessages.swift in Sources */ = {isa = PBXBuildFile; fileRef = 8A3D828B2D32052B0025F4D3 /* ErrorMessages.swift */; };
		8A3D828F2D3206670025F4D3 /* AsyncButton.swift in Sources */ = {isa = PBXBuildFile; fileRef = 8A3D828E2D3206670025F4D3 /* AsyncButton.swift */; };
		8AB5836F2D30B89E000F467D /* AIChatApp.swift in Sources */ = {isa = PBXBuildFile; fileRef = 8AB5836E2D30B89E000F467D /* AIChatApp.swift */; };
		8AB583712D30B89E000F467D /* ChatView.swift in Sources */ = {isa = PBXBuildFile; fileRef = 8AB583702D30B89E000F467D /* ChatView.swift */; };
		8AB583732D30B8A0000F467D /* Assets.xcassets in Resources */ = {isa = PBXBuildFile; fileRef = 8AB583722D30B8A0000F467D /* Assets.xcassets */; };
		8AB583762D30B8A0000F467D /* Preview Assets.xcassets in Resources */ = {isa = PBXBuildFile; fileRef = 8AB583752D30B8A0000F467D /* Preview Assets.xcassets */; };
		8AB583802D30B8A0000F467D /* AIChatTests.swift in Sources */ = {isa = PBXBuildFile; fileRef = 8AB5837F2D30B8A0000F467D /* AIChatTests.swift */; };
		8AB5838A2D30B8A0000F467D /* AIChatUITests.swift in Sources */ = {isa = PBXBuildFile; fileRef = 8AB583892D30B8A0000F467D /* AIChatUITests.swift */; };
		8AB5838C2D30B8A0000F467D /* AIChatUITestsLaunchTests.swift in Sources */ = {isa = PBXBuildFile; fileRef = 8AB5838B2D30B8A0000F467D /* AIChatUITestsLaunchTests.swift */; };
/* End PBXBuildFile section */

/* Begin PBXContainerItemProxy section */
		8AB5837C2D30B8A0000F467D /* PBXContainerItemProxy */ = {
			isa = PBXContainerItemProxy;
			containerPortal = 8AB583632D30B89E000F467D /* Project object */;
			proxyType = 1;
			remoteGlobalIDString = 8AB5836A2D30B89E000F467D;
			remoteInfo = AIChat;
		};
		8AB583862D30B8A0000F467D /* PBXContainerItemProxy */ = {
			isa = PBXContainerItemProxy;
			containerPortal = 8AB583632D30B89E000F467D /* Project object */;
			proxyType = 1;
			remoteGlobalIDString = 8AB5836A2D30B89E000F467D;
			remoteInfo = AIChat;
		};
/* End PBXContainerItemProxy section */

/* Begin PBXFileReference section */
		8A3D82832D31E7AB0025F4D3 /* GeminiAPIResponse.swift */ = {isa = PBXFileReference; lastKnownFileType = sourcecode.swift; path = GeminiAPIResponse.swift; sourceTree = "<group>"; };
		8A3D82852D31F4C40025F4D3 /* NetworkManager.swift */ = {isa = PBXFileReference; lastKnownFileType = sourcecode.swift; path = NetworkManager.swift; sourceTree = "<group>"; };
		8A3D82872D31F5680025F4D3 /* RequestBuilder.swift */ = {isa = PBXFileReference; lastKnownFileType = sourcecode.swift; path = RequestBuilder.swift; sourceTree = "<group>"; };
		8A3D82892D31F9BA0025F4D3 /* GeminiService.swift */ = {isa = PBXFileReference; lastKnownFileType = sourcecode.swift; path = GeminiService.swift; sourceTree = "<group>"; };
		8A3D828B2D32052B0025F4D3 /* ErrorMessages.swift */ = {isa = PBXFileReference; lastKnownFileType = sourcecode.swift; path = ErrorMessages.swift; sourceTree = "<group>"; };
		8A3D828E2D3206670025F4D3 /* AsyncButton.swift */ = {isa = PBXFileReference; lastKnownFileType = sourcecode.swift; path = AsyncButton.swift; sourceTree = "<group>"; };
		8AB5836B2D30B89E000F467D /* AIChat.app */ = {isa = PBXFileReference; explicitFileType = wrapper.application; includeInIndex = 0; path = AIChat.app; sourceTree = BUILT_PRODUCTS_DIR; };
		8AB5836E2D30B89E000F467D /* AIChatApp.swift */ = {isa = PBXFileReference; lastKnownFileType = sourcecode.swift; path = AIChatApp.swift; sourceTree = "<group>"; };
		8AB583702D30B89E000F467D /* ChatView.swift */ = {isa = PBXFileReference; lastKnownFileType = sourcecode.swift; path = ChatView.swift; sourceTree = "<group>"; };
		8AB583722D30B8A0000F467D /* Assets.xcassets */ = {isa = PBXFileReference; lastKnownFileType = folder.assetcatalog; path = Assets.xcassets; sourceTree = "<group>"; };
		8AB583752D30B8A0000F467D /* Preview Assets.xcassets */ = {isa = PBXFileReference; lastKnownFileType = folder.assetcatalog; path = "Preview Assets.xcassets"; sourceTree = "<group>"; };
		8AB5837B2D30B8A0000F467D /* AIChatTests.xctest */ = {isa = PBXFileReference; explicitFileType = wrapper.cfbundle; includeInIndex = 0; path = AIChatTests.xctest; sourceTree = BUILT_PRODUCTS_DIR; };
		8AB5837F2D30B8A0000F467D /* AIChatTests.swift */ = {isa = PBXFileReference; lastKnownFileType = sourcecode.swift; path = AIChatTests.swift; sourceTree = "<group>"; };
		8AB583852D30B8A0000F467D /* AIChatUITests.xctest */ = {isa = PBXFileReference; explicitFileType = wrapper.cfbundle; includeInIndex = 0; path = AIChatUITests.xctest; sourceTree = BUILT_PRODUCTS_DIR; };
		8AB583892D30B8A0000F467D /* AIChatUITests.swift */ = {isa = PBXFileReference; lastKnownFileType = sourcecode.swift; path = AIChatUITests.swift; sourceTree = "<group>"; };
		8AB5838B2D30B8A0000F467D /* AIChatUITestsLaunchTests.swift */ = {isa = PBXFileReference; lastKnownFileType = sourcecode.swift; path = AIChatUITestsLaunchTests.swift; sourceTree = "<group>"; };
/* End PBXFileReference section */

/* Begin PBXFrameworksBuildPhase section */
		8AB583682D30B89E000F467D /* Frameworks */ = {
			isa = PBXFrameworksBuildPhase;
			buildActionMask = 2147483647;
			files = (
			);
			runOnlyForDeploymentPostprocessing = 0;
		};
		8AB583782D30B8A0000F467D /* Frameworks */ = {
			isa = PBXFrameworksBuildPhase;
			buildActionMask = 2147483647;
			files = (
			);
			runOnlyForDeploymentPostprocessing = 0;
		};
		8AB583822D30B8A0000F467D /* Frameworks */ = {
			isa = PBXFrameworksBuildPhase;
			buildActionMask = 2147483647;
			files = (
			);
			runOnlyForDeploymentPostprocessing = 0;
		};
/* End PBXFrameworksBuildPhase section */

/* Begin PBXGroup section */
		8A3D82812D31E7880025F4D3 /* Model */ = {
			isa = PBXGroup;
			children = (
				8A3D82832D31E7AB0025F4D3 /* GeminiAPIResponse.swift */,
				8A3D828B2D32052B0025F4D3 /* ErrorMessages.swift */,
			);
			path = Model;
			sourceTree = "<group>";
		};
		8A3D82822D31E7930025F4D3 /* Network */ = {
			isa = PBXGroup;
			children = (
				8A3D82852D31F4C40025F4D3 /* NetworkManager.swift */,
				8A3D82872D31F5680025F4D3 /* RequestBuilder.swift */,
				8A3D82892D31F9BA0025F4D3 /* GeminiService.swift */,
			);
			path = Network;
			sourceTree = "<group>";
		};
		8A3D828D2D3205860025F4D3 /* Views */ = {
			isa = PBXGroup;
			children = (
				8AB583702D30B89E000F467D /* ChatView.swift */,
				8A3D828E2D3206670025F4D3 /* AsyncButton.swift */,
			);
			path = Views;
			sourceTree = "<group>";
		};
		8AB583622D30B89E000F467D = {
			isa = PBXGroup;
			children = (
				8AB5836D2D30B89E000F467D /* AIChat */,
				8AB5837E2D30B8A0000F467D /* AIChatTests */,
				8AB583882D30B8A0000F467D /* AIChatUITests */,
				8AB5836C2D30B89E000F467D /* Products */,
			);
			sourceTree = "<group>";
		};
		8AB5836C2D30B89E000F467D /* Products */ = {
			isa = PBXGroup;
			children = (
				8AB5836B2D30B89E000F467D /* AIChat.app */,
				8AB5837B2D30B8A0000F467D /* AIChatTests.xctest */,
				8AB583852D30B8A0000F467D /* AIChatUITests.xctest */,
			);
			name = Products;
			sourceTree = "<group>";
		};
		8AB5836D2D30B89E000F467D /* AIChat */ = {
			isa = PBXGroup;
			children = (
				8A3D828D2D3205860025F4D3 /* Views */,
				8A3D82822D31E7930025F4D3 /* Network */,
				8A3D82812D31E7880025F4D3 /* Model */,
				8AB5836E2D30B89E000F467D /* AIChatApp.swift */,
				8AB583722D30B8A0000F467D /* Assets.xcassets */,
				8AB583742D30B8A0000F467D /* Preview Content */,
			);
			path = AIChat;
			sourceTree = "<group>";
		};
		8AB583742D30B8A0000F467D /* Preview Content */ = {
			isa = PBXGroup;
			children = (
				8AB583752D30B8A0000F467D /* Preview Assets.xcassets */,
			);
			path = "Preview Content";
			sourceTree = "<group>";
		};
		8AB5837E2D30B8A0000F467D /* AIChatTests */ = {
			isa = PBXGroup;
			children = (
				8AB5837F2D30B8A0000F467D /* AIChatTests.swift */,
			);
			path = AIChatTests;
			sourceTree = "<group>";
		};
		8AB583882D30B8A0000F467D /* AIChatUITests */ = {
			isa = PBXGroup;
			children = (
				8AB583892D30B8A0000F467D /* AIChatUITests.swift */,
				8AB5838B2D30B8A0000F467D /* AIChatUITestsLaunchTests.swift */,
			);
			path = AIChatUITests;
			sourceTree = "<group>";
		};
/* End PBXGroup section */

/* Begin PBXNativeTarget section */
		8AB5836A2D30B89E000F467D /* AIChat */ = {
			isa = PBXNativeTarget;
			buildConfigurationList = 8AB5838F2D30B8A0000F467D /* Build configuration list for PBXNativeTarget "AIChat" */;
			buildPhases = (
				8AB583672D30B89E000F467D /* Sources */,
				8AB583682D30B89E000F467D /* Frameworks */,
				8AB583692D30B89E000F467D /* Resources */,
			);
			buildRules = (
			);
			dependencies = (
			);
			name = AIChat;
			productName = AIChat;
			productReference = 8AB5836B2D30B89E000F467D /* AIChat.app */;
			productType = "com.apple.product-type.application";
		};
		8AB5837A2D30B8A0000F467D /* AIChatTests */ = {
			isa = PBXNativeTarget;
			buildConfigurationList = 8AB583922D30B8A0000F467D /* Build configuration list for PBXNativeTarget "AIChatTests" */;
			buildPhases = (
				8AB583772D30B8A0000F467D /* Sources */,
				8AB583782D30B8A0000F467D /* Frameworks */,
				8AB583792D30B8A0000F467D /* Resources */,
			);
			buildRules = (
			);
			dependencies = (
				8AB5837D2D30B8A0000F467D /* PBXTargetDependency */,
			);
			name = AIChatTests;
			productName = AIChatTests;
			productReference = 8AB5837B2D30B8A0000F467D /* AIChatTests.xctest */;
			productType = "com.apple.product-type.bundle.unit-test";
		};
		8AB583842D30B8A0000F467D /* AIChatUITests */ = {
			isa = PBXNativeTarget;
			buildConfigurationList = 8AB583952D30B8A0000F467D /* Build configuration list for PBXNativeTarget "AIChatUITests" */;
			buildPhases = (
				8AB583812D30B8A0000F467D /* Sources */,
				8AB583822D30B8A0000F467D /* Frameworks */,
				8AB583832D30B8A0000F467D /* Resources */,
			);
			buildRules = (
			);
			dependencies = (
				8AB583872D30B8A0000F467D /* PBXTargetDependency */,
			);
			name = AIChatUITests;
			productName = AIChatUITests;
			productReference = 8AB583852D30B8A0000F467D /* AIChatUITests.xctest */;
			productType = "com.apple.product-type.bundle.ui-testing";
		};
/* End PBXNativeTarget section */

/* Begin PBXProject section */
		8AB583632D30B89E000F467D /* Project object */ = {
			isa = PBXProject;
			attributes = {
				BuildIndependentTargetsInParallel = 1;
				LastSwiftUpdateCheck = 1540;
				LastUpgradeCheck = 1540;
				TargetAttributes = {
					8AB5836A2D30B89E000F467D = {
						CreatedOnToolsVersion = 15.4;
					};
					8AB5837A2D30B8A0000F467D = {
						CreatedOnToolsVersion = 15.4;
						TestTargetID = 8AB5836A2D30B89E000F467D;
					};
					8AB583842D30B8A0000F467D = {
						CreatedOnToolsVersion = 15.4;
						TestTargetID = 8AB5836A2D30B89E000F467D;
					};
				};
			};
			buildConfigurationList = 8AB583662D30B89E000F467D /* Build configuration list for PBXProject "AIChat" */;
			compatibilityVersion = "Xcode 14.0";
			developmentRegion = en;
			hasScannedForEncodings = 0;
			knownRegions = (
				en,
				Base,
			);
			mainGroup = 8AB583622D30B89E000F467D;
			productRefGroup = 8AB5836C2D30B89E000F467D /* Products */;
			projectDirPath = "";
			projectRoot = "";
			targets = (
				8AB5836A2D30B89E000F467D /* AIChat */,
				8AB5837A2D30B8A0000F467D /* AIChatTests */,
				8AB583842D30B8A0000F467D /* AIChatUITests */,
			);
		};
/* End PBXProject section */

/* Begin PBXResourcesBuildPhase section */
		8AB583692D30B89E000F467D /* Resources */ = {
			isa = PBXResourcesBuildPhase;
			buildActionMask = 2147483647;
			files = (
				8AB583762D30B8A0000F467D /* Preview Assets.xcassets in Resources */,
				8AB583732D30B8A0000F467D /* Assets.xcassets in Resources */,
			);
			runOnlyForDeploymentPostprocessing = 0;
		};
		8AB583792D30B8A0000F467D /* Resources */ = {
			isa = PBXResourcesBuildPhase;
			buildActionMask = 2147483647;
			files = (
			);
			runOnlyForDeploymentPostprocessing = 0;
		};
		8AB583832D30B8A0000F467D /* Resources */ = {
			isa = PBXResourcesBuildPhase;
			buildActionMask = 2147483647;
			files = (
			);
			runOnlyForDeploymentPostprocessing = 0;
		};
/* End PBXResourcesBuildPhase section */

/* Begin PBXSourcesBuildPhase section */
		8AB583672D30B89E000F467D /* Sources */ = {
			isa = PBXSourcesBuildPhase;
			buildActionMask = 2147483647;
			files = (
				8A3D828C2D32052B0025F4D3 /* ErrorMessages.swift in Sources */,
				8A3D82882D31F5680025F4D3 /* RequestBuilder.swift in Sources */,
				8A3D82862D31F4C40025F4D3 /* NetworkManager.swift in Sources */,
				8A3D82842D31E7AB0025F4D3 /* GeminiAPIResponse.swift in Sources */,
				8AB583712D30B89E000F467D /* ChatView.swift in Sources */,
				8A3D828A2D31F9BA0025F4D3 /* GeminiService.swift in Sources */,
				8A3D828F2D3206670025F4D3 /* AsyncButton.swift in Sources */,
				8AB5836F2D30B89E000F467D /* AIChatApp.swift in Sources */,
			);
			runOnlyForDeploymentPostprocessing = 0;
		};
		8AB583772D30B8A0000F467D /* Sources */ = {
			isa = PBXSourcesBuildPhase;
			buildActionMask = 2147483647;
			files = (
				8AB583802D30B8A0000F467D /* AIChatTests.swift in Sources */,
			);
			runOnlyForDeploymentPostprocessing = 0;
		};
		8AB583812D30B8A0000F467D /* Sources */ = {
			isa = PBXSourcesBuildPhase;
			buildActionMask = 2147483647;
			files = (
				8AB5838C2D30B8A0000F467D /* AIChatUITestsLaunchTests.swift in Sources */,
				8AB5838A2D30B8A0000F467D /* AIChatUITests.swift in Sources */,
			);
			runOnlyForDeploymentPostprocessing = 0;
		};
/* End PBXSourcesBuildPhase section */

/* Begin PBXTargetDependency section */
		8AB5837D2D30B8A0000F467D /* PBXTargetDependency */ = {
			isa = PBXTargetDependency;
			target = 8AB5836A2D30B89E000F467D /* AIChat */;
			targetProxy = 8AB5837C2D30B8A0000F467D /* PBXContainerItemProxy */;
		};
		8AB583872D30B8A0000F467D /* PBXTargetDependency */ = {
			isa = PBXTargetDependency;
			target = 8AB5836A2D30B89E000F467D /* AIChat */;
			targetProxy = 8AB583862D30B8A0000F467D /* PBXContainerItemProxy */;
		};
/* End PBXTargetDependency section */

/* Begin XCBuildConfiguration section */
		8AB5838D2D30B8A0000F467D /* Debug */ = {
			isa = XCBuildConfiguration;
			buildSettings = {
				ALWAYS_SEARCH_USER_PATHS = NO;
				ASSETCATALOG_COMPILER_GENERATE_SWIFT_ASSET_SYMBOL_EXTENSIONS = YES;
				CLANG_ANALYZER_NONNULL = YES;
				CLANG_ANALYZER_NUMBER_OBJECT_CONVERSION = YES_AGGRESSIVE;
				CLANG_CXX_LANGUAGE_STANDARD = "gnu++20";
				CLANG_ENABLE_MODULES = YES;
				CLANG_ENABLE_OBJC_ARC = YES;
				CLANG_ENABLE_OBJC_WEAK = YES;
				CLANG_WARN_BLOCK_CAPTURE_AUTORELEASING = YES;
				CLANG_WARN_BOOL_CONVERSION = YES;
				CLANG_WARN_COMMA = YES;
				CLANG_WARN_CONSTANT_CONVERSION = YES;
				CLANG_WARN_DEPRECATED_OBJC_IMPLEMENTATIONS = YES;
				CLANG_WARN_DIRECT_OBJC_ISA_USAGE = YES_ERROR;
				CLANG_WARN_DOCUMENTATION_COMMENTS = YES;
				CLANG_WARN_EMPTY_BODY = YES;
				CLANG_WARN_ENUM_CONVERSION = YES;
				CLANG_WARN_INFINITE_RECURSION = YES;
				CLANG_WARN_INT_CONVERSION = YES;
				CLANG_WARN_NON_LITERAL_NULL_CONVERSION = YES;
				CLANG_WARN_OBJC_IMPLICIT_RETAIN_SELF = YES;
				CLANG_WARN_OBJC_LITERAL_CONVERSION = YES;
				CLANG_WARN_OBJC_ROOT_CLASS = YES_ERROR;
				CLANG_WARN_QUOTED_INCLUDE_IN_FRAMEWORK_HEADER = YES;
				CLANG_WARN_RANGE_LOOP_ANALYSIS = YES;
				CLANG_WARN_STRICT_PROTOTYPES = YES;
				CLANG_WARN_SUSPICIOUS_MOVE = YES;
				CLANG_WARN_UNGUARDED_AVAILABILITY = YES_AGGRESSIVE;
				CLANG_WARN_UNREACHABLE_CODE = YES;
				CLANG_WARN__DUPLICATE_METHOD_MATCH = YES;
				COPY_PHASE_STRIP = NO;
				DEBUG_INFORMATION_FORMAT = dwarf;
				ENABLE_STRICT_OBJC_MSGSEND = YES;
				ENABLE_TESTABILITY = YES;
				ENABLE_USER_SCRIPT_SANDBOXING = YES;
				GCC_C_LANGUAGE_STANDARD = gnu17;
				GCC_DYNAMIC_NO_PIC = NO;
				GCC_NO_COMMON_BLOCKS = YES;
				GCC_OPTIMIZATION_LEVEL = 0;
				GCC_PREPROCESSOR_DEFINITIONS = (
					"DEBUG=1",
					"$(inherited)",
				);
				GCC_WARN_64_TO_32_BIT_CONVERSION = YES;
				GCC_WARN_ABOUT_RETURN_TYPE = YES_ERROR;
				GCC_WARN_UNDECLARED_SELECTOR = YES;
				GCC_WARN_UNINITIALIZED_AUTOS = YES_AGGRESSIVE;
				GCC_WARN_UNUSED_FUNCTION = YES;
				GCC_WARN_UNUSED_VARIABLE = YES;
				IPHONEOS_DEPLOYMENT_TARGET = 17.5;
				LOCALIZATION_PREFERS_STRING_CATALOGS = YES;
				MTL_ENABLE_DEBUG_INFO = INCLUDE_SOURCE;
				MTL_FAST_MATH = YES;
				ONLY_ACTIVE_ARCH = YES;
				SDKROOT = iphoneos;
				SWIFT_ACTIVE_COMPILATION_CONDITIONS = "DEBUG $(inherited)";
				SWIFT_OPTIMIZATION_LEVEL = "-Onone";
			};
			name = Debug;
		};
		8AB5838E2D30B8A0000F467D /* Release */ = {
			isa = XCBuildConfiguration;
			buildSettings = {
				ALWAYS_SEARCH_USER_PATHS = NO;
				ASSETCATALOG_COMPILER_GENERATE_SWIFT_ASSET_SYMBOL_EXTENSIONS = YES;
				CLANG_ANALYZER_NONNULL = YES;
				CLANG_ANALYZER_NUMBER_OBJECT_CONVERSION = YES_AGGRESSIVE;
				CLANG_CXX_LANGUAGE_STANDARD = "gnu++20";
				CLANG_ENABLE_MODULES = YES;
				CLANG_ENABLE_OBJC_ARC = YES;
				CLANG_ENABLE_OBJC_WEAK = YES;
				CLANG_WARN_BLOCK_CAPTURE_AUTORELEASING = YES;
				CLANG_WARN_BOOL_CONVERSION = YES;
				CLANG_WARN_COMMA = YES;
				CLANG_WARN_CONSTANT_CONVERSION = YES;
				CLANG_WARN_DEPRECATED_OBJC_IMPLEMENTATIONS = YES;
				CLANG_WARN_DIRECT_OBJC_ISA_USAGE = YES_ERROR;
				CLANG_WARN_DOCUMENTATION_COMMENTS = YES;
				CLANG_WARN_EMPTY_BODY = YES;
				CLANG_WARN_ENUM_CONVERSION = YES;
				CLANG_WARN_INFINITE_RECURSION = YES;
				CLANG_WARN_INT_CONVERSION = YES;
				CLANG_WARN_NON_LITERAL_NULL_CONVERSION = YES;
				CLANG_WARN_OBJC_IMPLICIT_RETAIN_SELF = YES;
				CLANG_WARN_OBJC_LITERAL_CONVERSION = YES;
				CLANG_WARN_OBJC_ROOT_CLASS = YES_ERROR;
				CLANG_WARN_QUOTED_INCLUDE_IN_FRAMEWORK_HEADER = YES;
				CLANG_WARN_RANGE_LOOP_ANALYSIS = YES;
				CLANG_WARN_STRICT_PROTOTYPES = YES;
				CLANG_WARN_SUSPICIOUS_MOVE = YES;
				CLANG_WARN_UNGUARDED_AVAILABILITY = YES_AGGRESSIVE;
				CLANG_WARN_UNREACHABLE_CODE = YES;
				CLANG_WARN__DUPLICATE_METHOD_MATCH = YES;
				COPY_PHASE_STRIP = NO;
				DEBUG_INFORMATION_FORMAT = "dwarf-with-dsym";
				ENABLE_NS_ASSERTIONS = NO;
				ENABLE_STRICT_OBJC_MSGSEND = YES;
				ENABLE_USER_SCRIPT_SANDBOXING = YES;
				GCC_C_LANGUAGE_STANDARD = gnu17;
				GCC_NO_COMMON_BLOCKS = YES;
				GCC_WARN_64_TO_32_BIT_CONVERSION = YES;
				GCC_WARN_ABOUT_RETURN_TYPE = YES_ERROR;
				GCC_WARN_UNDECLARED_SELECTOR = YES;
				GCC_WARN_UNINITIALIZED_AUTOS = YES_AGGRESSIVE;
				GCC_WARN_UNUSED_FUNCTION = YES;
				GCC_WARN_UNUSED_VARIABLE = YES;
				IPHONEOS_DEPLOYMENT_TARGET = 17.5;
				LOCALIZATION_PREFERS_STRING_CATALOGS = YES;
				MTL_ENABLE_DEBUG_INFO = NO;
				MTL_FAST_MATH = YES;
				SDKROOT = iphoneos;
				SWIFT_COMPILATION_MODE = wholemodule;
				VALIDATE_PRODUCT = YES;
			};
			name = Release;
		};
		8AB583902D30B8A0000F467D /* Debug */ = {
			isa = XCBuildConfiguration;
			buildSettings = {
				ASSETCATALOG_COMPILER_APPICON_NAME = AppIcon;
				ASSETCATALOG_COMPILER_GLOBAL_ACCENT_COLOR_NAME = AccentColor;
				CODE_SIGN_STYLE = Automatic;
				CURRENT_PROJECT_VERSION = 1;
				DEVELOPMENT_ASSET_PATHS = "\"AIChat/Preview Content\"";
				DEVELOPMENT_TEAM = 9B334YL85T;
				ENABLE_PREVIEWS = YES;
				GENERATE_INFOPLIST_FILE = YES;
				INFOPLIST_KEY_UIApplicationSceneManifest_Generation = YES;
				INFOPLIST_KEY_UIApplicationSupportsIndirectInputEvents = YES;
				INFOPLIST_KEY_UILaunchScreen_Generation = YES;
				INFOPLIST_KEY_UISupportedInterfaceOrientations_iPad = "UIInterfaceOrientationPortrait UIInterfaceOrientationPortraitUpsideDown UIInterfaceOrientationLandscapeLeft UIInterfaceOrientationLandscapeRight";
				INFOPLIST_KEY_UISupportedInterfaceOrientations_iPhone = "UIInterfaceOrientationPortrait UIInterfaceOrientationLandscapeLeft UIInterfaceOrientationLandscapeRight";
				LD_RUNPATH_SEARCH_PATHS = (
					"$(inherited)",
					"@executable_path/Frameworks",
				);
				MARKETING_VERSION = 1.0;
				PRODUCT_BUNDLE_IDENTIFIER = com.automata.AIChat;
				PRODUCT_NAME = "$(TARGET_NAME)";
				SWIFT_EMIT_LOC_STRINGS = YES;
				SWIFT_VERSION = 5.0;
				TARGETED_DEVICE_FAMILY = "1,2";
			};
			name = Debug;
		};
		8AB583912D30B8A0000F467D /* Release */ = {
			isa = XCBuildConfiguration;
			buildSettings = {
				ASSETCATALOG_COMPILER_APPICON_NAME = AppIcon;
				ASSETCATALOG_COMPILER_GLOBAL_ACCENT_COLOR_NAME = AccentColor;
				CODE_SIGN_STYLE = Automatic;
				CURRENT_PROJECT_VERSION = 1;
				DEVELOPMENT_ASSET_PATHS = "\"AIChat/Preview Content\"";
				DEVELOPMENT_TEAM = 9B334YL85T;
				ENABLE_PREVIEWS = YES;
				GENERATE_INFOPLIST_FILE = YES;
				INFOPLIST_KEY_UIApplicationSceneManifest_Generation = YES;
				INFOPLIST_KEY_UIApplicationSupportsIndirectInputEvents = YES;
				INFOPLIST_KEY_UILaunchScreen_Generation = YES;
				INFOPLIST_KEY_UISupportedInterfaceOrientations_iPad = "UIInterfaceOrientationPortrait UIInterfaceOrientationPortraitUpsideDown UIInterfaceOrientationLandscapeLeft UIInterfaceOrientationLandscapeRight";
				INFOPLIST_KEY_UISupportedInterfaceOrientations_iPhone = "UIInterfaceOrientationPortrait UIInterfaceOrientationLandscapeLeft UIInterfaceOrientationLandscapeRight";
				LD_RUNPATH_SEARCH_PATHS = (
					"$(inherited)",
					"@executable_path/Frameworks",
				);
				MARKETING_VERSION = 1.0;
				PRODUCT_BUNDLE_IDENTIFIER = com.automata.AIChat;
				PRODUCT_NAME = "$(TARGET_NAME)";
				SWIFT_EMIT_LOC_STRINGS = YES;
				SWIFT_VERSION = 5.0;
				TARGETED_DEVICE_FAMILY = "1,2";
			};
			name = Release;
		};
		8AB583932D30B8A0000F467D /* Debug */ = {
			isa = XCBuildConfiguration;
			buildSettings = {
				ALWAYS_EMBED_SWIFT_STANDARD_LIBRARIES = YES;
				BUNDLE_LOADER = "$(TEST_HOST)";
				CODE_SIGN_STYLE = Automatic;
				CURRENT_PROJECT_VERSION = 1;
				DEVELOPMENT_TEAM = 9B334YL85T;
				GENERATE_INFOPLIST_FILE = YES;
				IPHONEOS_DEPLOYMENT_TARGET = 17.5;
				MARKETING_VERSION = 1.0;
				PRODUCT_BUNDLE_IDENTIFIER = com.automata.AIChatTests;
				PRODUCT_NAME = "$(TARGET_NAME)";
				SWIFT_EMIT_LOC_STRINGS = NO;
				SWIFT_VERSION = 5.0;
				TARGETED_DEVICE_FAMILY = "1,2";
				TEST_HOST = "$(BUILT_PRODUCTS_DIR)/AIChat.app/$(BUNDLE_EXECUTABLE_FOLDER_PATH)/AIChat";
			};
			name = Debug;
		};
		8AB583942D30B8A0000F467D /* Release */ = {
			isa = XCBuildConfiguration;
			buildSettings = {
				ALWAYS_EMBED_SWIFT_STANDARD_LIBRARIES = YES;
				BUNDLE_LOADER = "$(TEST_HOST)";
				CODE_SIGN_STYLE = Automatic;
				CURRENT_PROJECT_VERSION = 1;
				DEVELOPMENT_TEAM = 9B334YL85T;
				GENERATE_INFOPLIST_FILE = YES;
				IPHONEOS_DEPLOYMENT_TARGET = 17.5;
				MARKETING_VERSION = 1.0;
				PRODUCT_BUNDLE_IDENTIFIER = com.automata.AIChatTests;
				PRODUCT_NAME = "$(TARGET_NAME)";
				SWIFT_EMIT_LOC_STRINGS = NO;
				SWIFT_VERSION = 5.0;
				TARGETED_DEVICE_FAMILY = "1,2";
				TEST_HOST = "$(BUILT_PRODUCTS_DIR)/AIChat.app/$(BUNDLE_EXECUTABLE_FOLDER_PATH)/AIChat";
			};
			name = Release;
		};
		8AB583962D30B8A0000F467D /* Debug */ = {
			isa = XCBuildConfiguration;
			buildSettings = {
				ALWAYS_EMBED_SWIFT_STANDARD_LIBRARIES = YES;
				CODE_SIGN_STYLE = Automatic;
				CURRENT_PROJECT_VERSION = 1;
				DEVELOPMENT_TEAM = 9B334YL85T;
				GENERATE_INFOPLIST_FILE = YES;
				MARKETING_VERSION = 1.0;
				PRODUCT_BUNDLE_IDENTIFIER = com.automata.AIChatUITests;
				PRODUCT_NAME = "$(TARGET_NAME)";
				SWIFT_EMIT_LOC_STRINGS = NO;
				SWIFT_VERSION = 5.0;
				TARGETED_DEVICE_FAMILY = "1,2";
				TEST_TARGET_NAME = AIChat;
			};
			name = Debug;
		};
		8AB583972D30B8A0000F467D /* Release */ = {
			isa = XCBuildConfiguration;
			buildSettings = {
				ALWAYS_EMBED_SWIFT_STANDARD_LIBRARIES = YES;
				CODE_SIGN_STYLE = Automatic;
				CURRENT_PROJECT_VERSION = 1;
				DEVELOPMENT_TEAM = 9B334YL85T;
				GENERATE_INFOPLIST_FILE = YES;
				MARKETING_VERSION = 1.0;
				PRODUCT_BUNDLE_IDENTIFIER = com.automata.AIChatUITests;
				PRODUCT_NAME = "$(TARGET_NAME)";
				SWIFT_EMIT_LOC_STRINGS = NO;
				SWIFT_VERSION = 5.0;
				TARGETED_DEVICE_FAMILY = "1,2";
				TEST_TARGET_NAME = AIChat;
			};
			name = Release;
		};
/* End XCBuildConfiguration section */

/* Begin XCConfigurationList section */
		8AB583662D30B89E000F467D /* Build configuration list for PBXProject "AIChat" */ = {
			isa = XCConfigurationList;
			buildConfigurations = (
				8AB5838D2D30B8A0000F467D /* Debug */,
				8AB5838E2D30B8A0000F467D /* Release */,
			);
			defaultConfigurationIsVisible = 0;
			defaultConfigurationName = Release;
		};
		8AB5838F2D30B8A0000F467D /* Build configuration list for PBXNativeTarget "AIChat" */ = {
			isa = XCConfigurationList;
			buildConfigurations = (
				8AB583902D30B8A0000F467D /* Debug */,
				8AB583912D30B8A0000F467D /* Release */,
			);
			defaultConfigurationIsVisible = 0;
			defaultConfigurationName = Release;
		};
		8AB583922D30B8A0000F467D /* Build configuration list for PBXNativeTarget "AIChatTests" */ = {
			isa = XCConfigurationList;
			buildConfigurations = (
				8AB583932D30B8A0000F467D /* Debug */,
				8AB583942D30B8A0000F467D /* Release */,
			);
			defaultConfigurationIsVisible = 0;
			defaultConfigurationName = Release;
		};
		8AB583952D30B8A0000F467D /* Build configuration list for PBXNativeTarget "AIChatUITests" */ = {
			isa = XCConfigurationList;
			buildConfigurations = (
				8AB583962D30B8A0000F467D /* Debug */,
				8AB583972D30B8A0000F467D /* Release */,
			);
			defaultConfigurationIsVisible = 0;
			defaultConfigurationName = Release;
		};
/* End XCConfigurationList section */
	};
	rootObject = 8AB583632D30B89E000F467D /* Project object */;
}
